Microsoft Visual Studio Solution File, Format Version 11.00
# Visual Studio 2008

Project("{8A389C1C-C1B6-073F-7F5C-F83967B63C35}") = "texturetesting", "Assembly-CSharp-firstpass-vs.csproj", "{28EC82DF-2F0F-C57E-5E0C-9531D049A138}"
EndProject
Project("{8A389C1C-C1B6-073F-7F5C-F83967B63C35}") = "texturetesting", "Assembly-CSharp-vs.csproj", "{57D47509-C467-CD70-CA4B-92B5C50725E5}"
EndProject
Global
	GlobalSection(SolutionConfigurationPlatforms) = preSolution
		Debug|Any CPU = Debug|Any CPU
		Release|Any CPU = Release|Any CPU
	EndGlobalSection
	GlobalSection(ProjectConfigurationPlatforms) = postSolution
		{28EC82DF-2F0F-C57E-5E0C-9531D049A138}.Debug|Any CPU.ActiveCfg = Debug|Any CPU
		{28EC82DF-2F0F-C57E-5E0C-9531D049A138}.Debug|Any CPU.Build.0 = Debug|Any CPU
		{28EC82DF-2F0F-C57E-5E0C-9531D049A138}.Release|Any CPU.ActiveCfg = Release|Any CPU
		{28EC82DF-2F0F-C57E-5E0C-9531D049A138}.Release|Any CPU.Build.0 = Release|Any CPU
		{57D47509-C467-CD70-CA4B-92B5C50725E5}.Debug|Any CPU.ActiveCfg = Debug|Any CPU
		{57D47509-C467-CD70-CA4B-92B5C50725E5}.Debug|Any CPU.Build.0 = Debug|Any CPU
		{57D47509-C467-CD70-CA4B-92B5C50725E5}.Release|Any CPU.ActiveCfg = Release|Any CPU
		{57D47509-C467-CD70-CA4B-92B5C50725E5}.Release|Any CPU.Build.0 = Release|Any CPU
	EndGlobalSection
	GlobalSection(SolutionProperties) = preSolution
		HideSolutionNode = FALSE
	EndGlobalSection
																							GlobalSection(MonoDevelopProperties) = preSolution
		StartupItem = Assembly-CSharp.csproj
		Policies = $0
		$0.TextStylePolicy = $1
		$1.inheritsSet = null
		$1.scope = text/x-csharp
		$0.CSharpFormattingPolicy = $2
		$2.inheritsSet = Mono
		$2.inheritsScope = text/x-csharp
		$2.scope = text/x-csharp
		$0.TextStylePolicy = $3
		$3.FileWidth = 120
		$3.TabWidth = 4
		$3.EolMarker = Unix
		$3.inheritsSet = Mono
		$3.inheritsScope = text/plain
		$3.scope = text/plain
	EndGlobalSection

EndGlobal
